
Microsoft Visual Studio Solution File, Format Version 12.00
# Visual Studio Version 16
VisualStudioVersion = 16.0.30503.244
MinimumVisualStudioVersion = 10.0.40219.1
Project("{FAE04EC0-301F-11D3-BF4B-00C04F79EFBC}") = "KEAOpgave9.4", "KEAOpgave9.4\KEAOpgave9.4.csproj", "{9FB82047-C96C-4D17-A4B3-F8B076396B7D}"
EndProject
Global
	GlobalSection(SolutionConfigurationPlatforms) = preSolution
		Debug|Any CPU = Debug|Any CPU
		Release|Any CPU = Release|Any CPU
	EndGlobalSection
	GlobalSection(ProjectConfigurationPlatforms) = postSolution
		{9FB82047-C96C-4D17-A4B3-F8B076396B7D}.Debug|Any CPU.ActiveCfg = Debug|Any CPU
		{9FB82047-C96C-4D17-A4B3-F8B076396B7D}.Debug|Any CPU.Build.0 = Debug|Any CPU
		{9FB82047-C96C-4D17-A4B3-F8B076396B7D}.Release|Any CPU.ActiveCfg = Release|Any CPU
		{9FB82047-C96C-4D17-A4B3-F8B076396B7D}.Release|Any CPU.Build.0 = Release|Any CPU
	EndGlobalSection
	GlobalSection(SolutionProperties) = preSolution
		HideSolutionNode = FALSE
	EndGlobalSection
	GlobalSection(ExtensibilityGlobals) = postSolution
		SolutionGuid = {900E69FF-FF8B-4330-9711-DFC187C70314}
	EndGlobalSection
EndGlobal
